
Microsoft Visual Studio Solution File, Format Version 12.00
# Visual Studio Version 16
VisualStudioVersion = 16.0.32630.194
MinimumVisualStudioVersion = 10.0.40219.1
Project("{FAE04EC0-301F-11D3-BF4B-00C04F79EFBC}") = "MatchingPairsGame", "MatchingPairsGame\MatchingPairsGame.csproj", "{F1B17E16-0E03-4240-BEF9-3CE9E69EFC31}"
EndProject
Global
	GlobalSection(SolutionConfigurationPlatforms) = preSolution
		Debug|Any CPU = Debug|Any CPU
		Release|Any CPU = Release|Any CPU
	EndGlobalSection
	GlobalSection(ProjectConfigurationPlatforms) = postSolution
		{F1B17E16-0E03-4240-BEF9-3CE9E69EFC31}.Debug|Any CPU.ActiveCfg = Debug|Any CPU
		{F1B17E16-0E03-4240-BEF9-3CE9E69EFC31}.Debug|Any CPU.Build.0 = Debug|Any CPU
		{F1B17E16-0E03-4240-BEF9-3CE9E69EFC31}.Release|Any CPU.ActiveCfg = Release|Any CPU
		{F1B17E16-0E03-4240-BEF9-3CE9E69EFC31}.Release|Any CPU.Build.0 = Release|Any CPU
	EndGlobalSection
	GlobalSection(SolutionProperties) = preSolution
		HideSolutionNode = FALSE
	EndGlobalSection
	GlobalSection(ExtensibilityGlobals) = postSolution
		SolutionGuid = {F69330B9-A930-4D6D-95FE-BF16D50AF67C}
	EndGlobalSection
EndGlobal
